
Microsoft Visual Studio Solution File, Format Version 12.00
# Visual Studio Version 17
VisualStudioVersion = 17.1.32407.343
MinimumVisualStudioVersion = 10.0.40219.1
Project("{FAE04EC0-301F-11D3-BF4B-00C04F79EFBC}") = "PruebaTecnica", "PruebaTecnica.csproj", "{6730CA63-BA54-433B-A4A6-DC5A34B7DFA4}"
EndProject
Project("{FAE04EC0-301F-11D3-BF4B-00C04F79EFBC}") = "api.controlador", "..\api.controlador\api.controlador.csproj", "{BE499972-CC6B-49DB-95D5-7F435C590FE1}"
EndProject
Project("{FAE04EC0-301F-11D3-BF4B-00C04F79EFBC}") = "api.modelo", "..\api.modelo\api.modelo.csproj", "{C1459E9F-6816-41F0-91FF-7808042AF7E8}"
EndProject
Project("{FAE04EC0-301F-11D3-BF4B-00C04F79EFBC}") = "api.unityAPI", "..\api.UnityAPI\api.unityAPI.csproj", "{F153A703-E20B-4870-8A94-1D7FA299C191}"
EndProject
Global
	GlobalSection(SolutionConfigurationPlatforms) = preSolution
		Debug|Any CPU = Debug|Any CPU
		Release|Any CPU = Release|Any CPU
	EndGlobalSection
	GlobalSection(ProjectConfigurationPlatforms) = postSolution
		{6730CA63-BA54-433B-A4A6-DC5A34B7DFA4}.Debug|Any CPU.ActiveCfg = Debug|Any CPU
		{6730CA63-BA54-433B-A4A6-DC5A34B7DFA4}.Debug|Any CPU.Build.0 = Debug|Any CPU
		{6730CA63-BA54-433B-A4A6-DC5A34B7DFA4}.Release|Any CPU.ActiveCfg = Release|Any CPU
		{6730CA63-BA54-433B-A4A6-DC5A34B7DFA4}.Release|Any CPU.Build.0 = Release|Any CPU
		{BE499972-CC6B-49DB-95D5-7F435C590FE1}.Debug|Any CPU.ActiveCfg = Debug|Any CPU
		{BE499972-CC6B-49DB-95D5-7F435C590FE1}.Debug|Any CPU.Build.0 = Debug|Any CPU
		{BE499972-CC6B-49DB-95D5-7F435C590FE1}.Release|Any CPU.ActiveCfg = Release|Any CPU
		{BE499972-CC6B-49DB-95D5-7F435C590FE1}.Release|Any CPU.Build.0 = Release|Any CPU
		{C1459E9F-6816-41F0-91FF-7808042AF7E8}.Debug|Any CPU.ActiveCfg = Debug|Any CPU
		{C1459E9F-6816-41F0-91FF-7808042AF7E8}.Debug|Any CPU.Build.0 = Debug|Any CPU
		{C1459E9F-6816-41F0-91FF-7808042AF7E8}.Release|Any CPU.ActiveCfg = Release|Any CPU
		{C1459E9F-6816-41F0-91FF-7808042AF7E8}.Release|Any CPU.Build.0 = Release|Any CPU
		{F153A703-E20B-4870-8A94-1D7FA299C191}.Debug|Any CPU.ActiveCfg = Debug|Any CPU
		{F153A703-E20B-4870-8A94-1D7FA299C191}.Debug|Any CPU.Build.0 = Debug|Any CPU
		{F153A703-E20B-4870-8A94-1D7FA299C191}.Release|Any CPU.ActiveCfg = Release|Any CPU
		{F153A703-E20B-4870-8A94-1D7FA299C191}.Release|Any CPU.Build.0 = Release|Any CPU
	EndGlobalSection
	GlobalSection(SolutionProperties) = preSolution
		HideSolutionNode = FALSE
	EndGlobalSection
	GlobalSection(ExtensibilityGlobals) = postSolution
		SolutionGuid = {4BD8991C-6F48-4206-B6B5-ADA22D28BC7B}
	EndGlobalSection
EndGlobal
